// !$*UTF8*$!
{
	archiveVersion = 1;
	classes = {
	};
	objectVersion = 46;
	objects = {

/* Begin PBXBuildFile section */
		554A3D961DC0FE7F00234E5C /* game Item.cpp in Sources */ = {isa = PBXBuildFile; fileRef = 554A3D941DC0FE7F00234E5C /* game Item.cpp */; };
		55D642BF1DBC2AF0009DD753 /* game.cpp in Sources */ = {isa = PBXBuildFile; fileRef = 55D642BD1DBC2AF0009DD753 /* game.cpp */; };
		55D91BD51DB8291200861D5B /* main.cpp in Sources */ = {isa = PBXBuildFile; fileRef = 55D91BD41DB8291200861D5B /* main.cpp */; };
		55D91BDF1DB8295D00861D5B /* SDL2_image.framework in Frameworks */ = {isa = PBXBuildFile; fileRef = 55D91BDC1DB8295D00861D5B /* SDL2_image.framework */; };
		55D91BE01DB8295D00861D5B /* SDL2_ttf.framework in Frameworks */ = {isa = PBXBuildFile; fileRef = 55D91BDD1DB8295D00861D5B /* SDL2_ttf.framework */; };
		55D91BE11DB8295D00861D5B /* SDL2.framework in Frameworks */ = {isa = PBXBuildFile; fileRef = 55D91BDE1DB8295D00861D5B /* SDL2.framework */; };
		55D91BE41DB8298000861D5B /* gameMap.cpp in Sources */ = {isa = PBXBuildFile; fileRef = 55D91BE21DB8298000861D5B /* gameMap.cpp */; };
		55D91BE71DB82A7400861D5B /* mapUnit.cpp in Sources */ = {isa = PBXBuildFile; fileRef = 55D91BE51DB82A7400861D5B /* mapUnit.cpp */; };
/* End PBXBuildFile section */

/* Begin PBXCopyFilesBuildPhase section */
		55D91BCF1DB8291200861D5B /* CopyFiles */ = {
			isa = PBXCopyFilesBuildPhase;
			buildActionMask = 2147483647;
			dstPath = /usr/share/man/man1/;
			dstSubfolderSpec = 0;
			files = (
			);
			runOnlyForDeploymentPostprocessing = 1;
		};
/* End PBXCopyFilesBuildPhase section */

/* Begin PBXFileReference section */
		554A3D941DC0FE7F00234E5C /* game Item.cpp */ = {isa = PBXFileReference; fileEncoding = 4; lastKnownFileType = sourcecode.cpp.cpp; path = "game Item.cpp"; sourceTree = "<group>"; };
		554A3D951DC0FE7F00234E5C /* game Item.hpp */ = {isa = PBXFileReference; fileEncoding = 4; lastKnownFileType = sourcecode.cpp.h; path = "game Item.hpp"; sourceTree = "<group>"; };
		55D642BD1DBC2AF0009DD753 /* game.cpp */ = {isa = PBXFileReference; fileEncoding = 4; lastKnownFileType = sourcecode.cpp.cpp; path = game.cpp; sourceTree = "<group>"; };
		55D642BE1DBC2AF0009DD753 /* game.hpp */ = {isa = PBXFileReference; fileEncoding = 4; lastKnownFileType = sourcecode.cpp.h; path = game.hpp; sourceTree = "<group>"; };
		55D91BD11DB8291200861D5B /* Assignment_1_COMP345 */ = {isa = PBXFileReference; explicitFileType = "compiled.mach-o.executable"; includeInIndex = 0; path = Assignment_1_COMP345; sourceTree = BUILT_PRODUCTS_DIR; };
		55D91BD41DB8291200861D5B /* main.cpp */ = {isa = PBXFileReference; lastKnownFileType = sourcecode.cpp.cpp; path = main.cpp; sourceTree = "<group>"; };
		55D91BDC1DB8295D00861D5B /* SDL2_image.framework */ = {isa = PBXFileReference; lastKnownFileType = wrapper.framework; name = SDL2_image.framework; path = ../../../../../Library/Frameworks/SDL2_image.framework; sourceTree = "<group>"; };
		55D91BDD1DB8295D00861D5B /* SDL2_ttf.framework */ = {isa = PBXFileReference; lastKnownFileType = wrapper.framework; name = SDL2_ttf.framework; path = ../../../../../Library/Frameworks/SDL2_ttf.framework; sourceTree = "<group>"; };
		55D91BDE1DB8295D00861D5B /* SDL2.framework */ = {isa = PBXFileReference; lastKnownFileType = wrapper.framework; name = SDL2.framework; path = ../../../../../Library/Frameworks/SDL2.framework; sourceTree = "<group>"; };
		55D91BE21DB8298000861D5B /* gameMap.cpp */ = {isa = PBXFileReference; fileEncoding = 4; lastKnownFileType = sourcecode.cpp.cpp; path = gameMap.cpp; sourceTree = "<group>"; };
		55D91BE31DB8298000861D5B /* gameMap.hpp */ = {isa = PBXFileReference; fileEncoding = 4; lastKnownFileType = sourcecode.cpp.h; path = gameMap.hpp; sourceTree = "<group>"; };
		55D91BE51DB82A7400861D5B /* mapUnit.cpp */ = {isa = PBXFileReference; fileEncoding = 4; lastKnownFileType = sourcecode.cpp.cpp; path = mapUnit.cpp; sourceTree = "<group>"; };
		55D91BE61DB82A7400861D5B /* mapUnit.hpp */ = {isa = PBXFileReference; fileEncoding = 4; lastKnownFileType = sourcecode.cpp.h; path = mapUnit.hpp; sourceTree = "<group>"; };
/* End PBXFileReference section */

/* Begin PBXFrameworksBuildPhase section */
		55D91BCE1DB8291200861D5B /* Frameworks */ = {
			isa = PBXFrameworksBuildPhase;
			buildActionMask = 2147483647;
			files = (
				55D91BDF1DB8295D00861D5B /* SDL2_image.framework in Frameworks */,
				55D91BE01DB8295D00861D5B /* SDL2_ttf.framework in Frameworks */,
				55D91BE11DB8295D00861D5B /* SDL2.framework in Frameworks */,
			);
			runOnlyForDeploymentPostprocessing = 0;
		};
/* End PBXFrameworksBuildPhase section */

/* Begin PBXGroup section */
		55D91BC81DB8291200861D5B = {
			isa = PBXGroup;
			children = (
				55D91BD31DB8291200861D5B /* Assignment_1_COMP345 */,
				55D91BD21DB8291200861D5B /* Products */,
				55D91BDB1DB8295D00861D5B /* Frameworks */,
			);
			sourceTree = "<group>";
		};
		55D91BD21DB8291200861D5B /* Products */ = {
			isa = PBXGroup;
			children = (
				55D91BD11DB8291200861D5B /* Assignment_1_COMP345 */,
			);
			name = Products;
			sourceTree = "<group>";
		};
		55D91BD31DB8291200861D5B /* Assignment_1_COMP345 */ = {
			isa = PBXGroup;
			children = (
				55D91BD41DB8291200861D5B /* main.cpp */,
				55D91BE21DB8298000861D5B /* gameMap.cpp */,
				55D91BE31DB8298000861D5B /* gameMap.hpp */,
				55D91BE51DB82A7400861D5B /* mapUnit.cpp */,
				55D91BE61DB82A7400861D5B /* mapUnit.hpp */,
				55D642BD1DBC2AF0009DD753 /* game.cpp */,
				55D642BE1DBC2AF0009DD753 /* game.hpp */,
				554A3D941DC0FE7F00234E5C /* game Item.cpp */,
				554A3D951DC0FE7F00234E5C /* game Item.hpp */,
			);
			path = Assignment_1_COMP345;
			sourceTree = "<group>";
		};
		55D91BDB1DB8295D00861D5B /* Frameworks */ = {
			isa = PBXGroup;
			children = (
				55D91BDC1DB8295D00861D5B /* SDL2_image.framework */,
				55D91BDD1DB8295D00861D5B /* SDL2_ttf.framework */,
				55D91BDE1DB8295D00861D5B /* SDL2.framework */,
			);
			name = Frameworks;
			sourceTree = "<group>";
		};
/* End PBXGroup section */

/* Begin PBXNativeTarget section */
		55D91BD01DB8291200861D5B /* Assignment_1_COMP345 */ = {
			isa = PBXNativeTarget;
			buildConfigurationList = 55D91BD81DB8291200861D5B /* Build configuration list for PBXNativeTarget "Assignment_1_COMP345" */;
			buildPhases = (
				55D91BCD1DB8291200861D5B /* Sources */,
				55D91BCE1DB8291200861D5B /* Frameworks */,
				55D91BCF1DB8291200861D5B /* CopyFiles */,
			);
			buildRules = (
			);
			dependencies = (
			);
			name = Assignment_1_COMP345;
			productName = Assignment_1_COMP345;
			productReference = 55D91BD11DB8291200861D5B /* Assignment_1_COMP345 */;
			productType = "com.apple.product-type.tool";
		};
/* End PBXNativeTarget section */

/* Begin PBXProject section */
		55D91BC91DB8291200861D5B /* Project object */ = {
			isa = PBXProject;
			attributes = {
				LastUpgradeCheck = 0800;
				ORGANIZATIONNAME = oscar;
				TargetAttributes = {
					55D91BD01DB8291200861D5B = {
						CreatedOnToolsVersion = 8.0;
						ProvisioningStyle = Automatic;
					};
				};
			};
			buildConfigurationList = 55D91BCC1DB8291200861D5B /* Build configuration list for PBXProject "Assignment_1_COMP345" */;
			compatibilityVersion = "Xcode 3.2";
			developmentRegion = English;
			hasScannedForEncodings = 0;
			knownRegions = (
				en,
			);
			mainGroup = 55D91BC81DB8291200861D5B;
			productRefGroup = 55D91BD21DB8291200861D5B /* Products */;
			projectDirPath = "";
			projectRoot = "";
			targets = (
				55D91BD01DB8291200861D5B /* Assignment_1_COMP345 */,
			);
		};
/* End PBXProject section */

/* Begin PBXSourcesBuildPhase section */
		55D91BCD1DB8291200861D5B /* Sources */ = {
			isa = PBXSourcesBuildPhase;
			buildActionMask = 2147483647;
			files = (
				55D91BE71DB82A7400861D5B /* mapUnit.cpp in Sources */,
				55D91BE41DB8298000861D5B /* gameMap.cpp in Sources */,
				55D91BD51DB8291200861D5B /* main.cpp in Sources */,
				55D642BF1DBC2AF0009DD753 /* game.cpp in Sources */,
				554A3D961DC0FE7F00234E5C /* game Item.cpp in Sources */,
			);
			runOnlyForDeploymentPostprocessing = 0;
		};
/* End PBXSourcesBuildPhase section */

/* Begin XCBuildConfiguration section */
		55D91BD61DB8291200861D5B /* Debug */ = {
			isa = XCBuildConfiguration;
			buildSettings = {
				ALWAYS_SEARCH_USER_PATHS = NO;
				CLANG_ANALYZER_NONNULL = YES;
				CLANG_CXX_LANGUAGE_STANDARD = "gnu++0x";
				CLANG_CXX_LIBRARY = "libc++";
				CLANG_ENABLE_MODULES = YES;
				CLANG_ENABLE_OBJC_ARC = YES;
				CLANG_WARN_BOOL_CONVERSION = YES;
				CLANG_WARN_CONSTANT_CONVERSION = YES;
				CLANG_WARN_DIRECT_OBJC_ISA_USAGE = YES_ERROR;
				CLANG_WARN_DOCUMENTATION_COMMENTS = YES;
				CLANG_WARN_EMPTY_BODY = YES;
				CLANG_WARN_ENUM_CONVERSION = YES;
				CLANG_WARN_INFINITE_RECURSION = YES;
				CLANG_WARN_INT_CONVERSION = YES;
				CLANG_WARN_OBJC_ROOT_CLASS = YES_ERROR;
				CLANG_WARN_SUSPICIOUS_MOVES = YES;
				CLANG_WARN_UNREACHABLE_CODE = YES;
				CLANG_WARN__DUPLICATE_METHOD_MATCH = YES;
				CODE_SIGN_IDENTITY = "-";
				COPY_PHASE_STRIP = NO;
				DEBUG_INFORMATION_FORMAT = dwarf;
				ENABLE_STRICT_OBJC_MSGSEND = YES;
				ENABLE_TESTABILITY = YES;
				GCC_C_LANGUAGE_STANDARD = gnu99;
				GCC_DYNAMIC_NO_PIC = NO;
				GCC_NO_COMMON_BLOCKS = YES;
				GCC_OPTIMIZATION_LEVEL = 0;
				GCC_PREPROCESSOR_DEFINITIONS = (
					"DEBUG=1",
					"$(inherited)",
				);
				GCC_WARN_64_TO_32_BIT_CONVERSION = YES;
				GCC_WARN_ABOUT_RETURN_TYPE = YES_ERROR;
				GCC_WARN_UNDECLARED_SELECTOR = YES;
				GCC_WARN_UNINITIALIZED_AUTOS = YES_AGGRESSIVE;
				GCC_WARN_UNUSED_FUNCTION = YES;
				GCC_WARN_UNUSED_VARIABLE = YES;
				MACOSX_DEPLOYMENT_TARGET = 10.12;
				MTL_ENABLE_DEBUG_INFO = YES;
				ONLY_ACTIVE_ARCH = YES;
				SDKROOT = macosx;
			};
			name = Debug;
		};
		55D91BD71DB8291200861D5B /* Release */ = {
			isa = XCBuildConfiguration;
			buildSettings = {
				ALWAYS_SEARCH_USER_PATHS = NO;
				CLANG_ANALYZER_NONNULL = YES;
				CLANG_CXX_LANGUAGE_STANDARD = "gnu++0x";
				CLANG_CXX_LIBRARY = "libc++";
				CLANG_ENABLE_MODULES = YES;
				CLANG_ENABLE_OBJC_ARC = YES;
				CLANG_WARN_BOOL_CONVERSION = YES;
				CLANG_WARN_CONSTANT_CONVERSION = YES;
				CLANG_WARN_DIRECT_OBJC_ISA_USAGE = YES_ERROR;
				CLANG_WARN_DOCUMENTATION_COMMENTS = YES;
				CLANG_WARN_EMPTY_BODY = YES;
				CLANG_WARN_ENUM_CONVERSION = YES;
				CLANG_WARN_INFINITE_RECURSION = YES;
				CLANG_WARN_INT_CONVERSION = YES;
				CLANG_WARN_OBJC_ROOT_CLASS = YES_ERROR;
				CLANG_WARN_SUSPICIOUS_MOVES = YES;
				CLANG_WARN_UNREACHABLE_CODE = YES;
				CLANG_WARN__DUPLICATE_METHOD_MATCH = YES;
				CODE_SIGN_IDENTITY = "-";
				COPY_PHASE_STRIP = NO;
				DEBUG_INFORMATION_FORMAT = "dwarf-with-dsym";
				ENABLE_NS_ASSERTIONS = NO;
				ENABLE_STRICT_OBJC_MSGSEND = YES;
				GCC_C_LANGUAGE_STANDARD = gnu99;
				GCC_NO_COMMON_BLOCKS = YES;
				GCC_WARN_64_TO_32_BIT_CONVERSION = YES;
				GCC_WARN_ABOUT_RETURN_TYPE = YES_ERROR;
				GCC_WARN_UNDECLARED_SELECTOR = YES;
				GCC_WARN_UNINITIALIZED_AUTOS = YES_AGGRESSIVE;
				GCC_WARN_UNUSED_FUNCTION = YES;
				GCC_WARN_UNUSED_VARIABLE = YES;
				MACOSX_DEPLOYMENT_TARGET = 10.12;
				MTL_ENABLE_DEBUG_INFO = NO;
				SDKROOT = macosx;
			};
			name = Release;
		};
		55D91BD91DB8291200861D5B /* Debug */ = {
			isa = XCBuildConfiguration;
			buildSettings = {
				FRAMEWORK_SEARCH_PATHS = (
					"$(inherited)",
					"$(LOCAL_LIBRARY_DIR)/Frameworks",
				);
				"HEADER_SEARCH_PATHS[arch=*]" = /usr/local/include/;
				"LIBRARY_SEARCH_PATHS[arch=*]" = /usr/local/lib/;
				"OTHER_LDFLAGS[arch=*]" = (
					"-L/usr/local/lib/",
					"-lcppunit",
					"-ldl",
				);
				PRODUCT_NAME = "$(TARGET_NAME)";
			};
			name = Debug;
		};
		55D91BDA1DB8291200861D5B /* Release */ = {
			isa = XCBuildConfiguration;
			buildSettings = {
				FRAMEWORK_SEARCH_PATHS = (
					"$(inherited)",
					"$(LOCAL_LIBRARY_DIR)/Frameworks",
				);
				"HEADER_SEARCH_PATHS[arch=*]" = /usr/local/include/;
				"LIBRARY_SEARCH_PATHS[arch=*]" = /usr/local/lib/;
				"OTHER_LDFLAGS[arch=*]" = (
					"-L/usr/local/lib/",
					"-lcppunit",
					"-ldl",
				);
				PRODUCT_NAME = "$(TARGET_NAME)";
			};
			name = Release;
		};
/* End XCBuildConfiguration section */

/* Begin XCConfigurationList section */
		55D91BCC1DB8291200861D5B /* Build configuration list for PBXProject "Assignment_1_COMP345" */ = {
			isa = XCConfigurationList;
			buildConfigurations = (
				55D91BD61DB8291200861D5B /* Debug */,
				55D91BD71DB8291200861D5B /* Release */,
			);
			defaultConfigurationIsVisible = 0;
			defaultConfigurationName = Release;
		};
		55D91BD81DB8291200861D5B /* Build configuration list for PBXNativeTarget "Assignment_1_COMP345" */ = {
			isa = XCConfigurationList;
			buildConfigurations = (
				55D91BD91DB8291200861D5B /* Debug */,
				55D91BDA1DB8291200861D5B /* Release */,
			);
			defaultConfigurationIsVisible = 0;
			defaultConfigurationName = Release;
		};
/* End XCConfigurationList section */
	};
	rootObject = 55D91BC91DB8291200861D5B /* Project object */;
}
